// !$*UTF8*$!
{
	archiveVersion = 1;
	classes = {
	};
	objectVersion = 50;
	objects = {

/* Begin PBXBuildFile section */
		7FBABD2624083AD200FD831F /* AppDelegate.swift in Sources */ = {isa = PBXBuildFile; fileRef = 7FBABD2524083AD200FD831F /* AppDelegate.swift */; };
		7FBABD2824083AD200FD831F /* SceneDelegate.swift in Sources */ = {isa = PBXBuildFile; fileRef = 7FBABD2724083AD200FD831F /* SceneDelegate.swift */; };
		7FBABD2A24083AD200FD831F /* ViewController.swift in Sources */ = {isa = PBXBuildFile; fileRef = 7FBABD2924083AD200FD831F /* ViewController.swift */; };
		7FBABD2D24083AD200FD831F /* Main.storyboard in Resources */ = {isa = PBXBuildFile; fileRef = 7FBABD2B24083AD200FD831F /* Main.storyboard */; };
		7FBABD2F24083AD300FD831F /* Assets.xcassets in Resources */ = {isa = PBXBuildFile; fileRef = 7FBABD2E24083AD300FD831F /* Assets.xcassets */; };
		7FBABD3224083AD300FD831F /* LaunchScreen.storyboard in Resources */ = {isa = PBXBuildFile; fileRef = 7FBABD3024083AD300FD831F /* LaunchScreen.storyboard */; };
		7FBABD50240865B200FD831F /* DetailViewController.swift in Sources */ = {isa = PBXBuildFile; fileRef = 7FBABD4F240865B200FD831F /* DetailViewController.swift */; };
		7FBABD7C240B48DA00FD831F /* nssl0049.jpg in Resources */ = {isa = PBXBuildFile; fileRef = 7FBABD72240B48DA00FD831F /* nssl0049.jpg */; };
		7FBABD7D240B48DA00FD831F /* nssl0046.jpg in Resources */ = {isa = PBXBuildFile; fileRef = 7FBABD73240B48DA00FD831F /* nssl0046.jpg */; };
		7FBABD7E240B48DA00FD831F /* nssl0091.jpg in Resources */ = {isa = PBXBuildFile; fileRef = 7FBABD74240B48DA00FD831F /* nssl0091.jpg */; };
		7FBABD7F240B48DA00FD831F /* nssl0045.jpg in Resources */ = {isa = PBXBuildFile; fileRef = 7FBABD75240B48DA00FD831F /* nssl0045.jpg */; };
		7FBABD80240B48DA00FD831F /* nssl0051.jpg in Resources */ = {isa = PBXBuildFile; fileRef = 7FBABD76240B48DA00FD831F /* nssl0051.jpg */; };
		7FBABD81240B48DA00FD831F /* nssl0041.jpg in Resources */ = {isa = PBXBuildFile; fileRef = 7FBABD77240B48DA00FD831F /* nssl0041.jpg */; };
		7FBABD82240B48DA00FD831F /* nssl0042.jpg in Resources */ = {isa = PBXBuildFile; fileRef = 7FBABD78240B48DA00FD831F /* nssl0042.jpg */; };
		7FBABD83240B48DA00FD831F /* nssl0043.jpg in Resources */ = {isa = PBXBuildFile; fileRef = 7FBABD79240B48DA00FD831F /* nssl0043.jpg */; };
		7FBABD84240B48DA00FD831F /* nssl0033.jpg in Resources */ = {isa = PBXBuildFile; fileRef = 7FBABD7A240B48DA00FD831F /* nssl0033.jpg */; };
		7FBABD85240B48DA00FD831F /* nssl0034.jpg in Resources */ = {isa = PBXBuildFile; fileRef = 7FBABD7B240B48DA00FD831F /* nssl0034.jpg */; };
/* End PBXBuildFile section */

/* Begin PBXFileReference section */
		7FBABD2224083AD200FD831F /* 100DaysProject1.app */ = {isa = PBXFileReference; explicitFileType = wrapper.application; includeInIndex = 0; path = 100DaysProject1.app; sourceTree = BUILT_PRODUCTS_DIR; };
		7FBABD2524083AD200FD831F /* AppDelegate.swift */ = {isa = PBXFileReference; lastKnownFileType = sourcecode.swift; path = AppDelegate.swift; sourceTree = "<group>"; };
		7FBABD2724083AD200FD831F /* SceneDelegate.swift */ = {isa = PBXFileReference; lastKnownFileType = sourcecode.swift; path = SceneDelegate.swift; sourceTree = "<group>"; };
		7FBABD2924083AD200FD831F /* ViewController.swift */ = {isa = PBXFileReference; lastKnownFileType = sourcecode.swift; path = ViewController.swift; sourceTree = "<group>"; };
		7FBABD2C24083AD200FD831F /* Base */ = {isa = PBXFileReference; lastKnownFileType = file.storyboard; name = Base; path = Base.lproj/Main.storyboard; sourceTree = "<group>"; };
		7FBABD2E24083AD300FD831F /* Assets.xcassets */ = {isa = PBXFileReference; lastKnownFileType = folder.assetcatalog; path = Assets.xcassets; sourceTree = "<group>"; };
		7FBABD3124083AD300FD831F /* Base */ = {isa = PBXFileReference; lastKnownFileType = file.storyboard; name = Base; path = Base.lproj/LaunchScreen.storyboard; sourceTree = "<group>"; };
		7FBABD3324083AD300FD831F /* Info.plist */ = {isa = PBXFileReference; lastKnownFileType = text.plist.xml; path = Info.plist; sourceTree = "<group>"; };
		7FBABD4F240865B200FD831F /* DetailViewController.swift */ = {isa = PBXFileReference; lastKnownFileType = sourcecode.swift; path = DetailViewController.swift; sourceTree = "<group>"; };
		7FBABD72240B48DA00FD831F /* nssl0049.jpg */ = {isa = PBXFileReference; lastKnownFileType = image.jpeg; path = nssl0049.jpg; sourceTree = "<group>"; };
		7FBABD73240B48DA00FD831F /* nssl0046.jpg */ = {isa = PBXFileReference; lastKnownFileType = image.jpeg; path = nssl0046.jpg; sourceTree = "<group>"; };
		7FBABD74240B48DA00FD831F /* nssl0091.jpg */ = {isa = PBXFileReference; lastKnownFileType = image.jpeg; path = nssl0091.jpg; sourceTree = "<group>"; };
		7FBABD75240B48DA00FD831F /* nssl0045.jpg */ = {isa = PBXFileReference; lastKnownFileType = image.jpeg; path = nssl0045.jpg; sourceTree = "<group>"; };
		7FBABD76240B48DA00FD831F /* nssl0051.jpg */ = {isa = PBXFileReference; lastKnownFileType = image.jpeg; path = nssl0051.jpg; sourceTree = "<group>"; };
		7FBABD77240B48DA00FD831F /* nssl0041.jpg */ = {isa = PBXFileReference; lastKnownFileType = image.jpeg; path = nssl0041.jpg; sourceTree = "<group>"; };
		7FBABD78240B48DA00FD831F /* nssl0042.jpg */ = {isa = PBXFileReference; lastKnownFileType = image.jpeg; path = nssl0042.jpg; sourceTree = "<group>"; };
		7FBABD79240B48DA00FD831F /* nssl0043.jpg */ = {isa = PBXFileReference; lastKnownFileType = image.jpeg; path = nssl0043.jpg; sourceTree = "<group>"; };
		7FBABD7A240B48DA00FD831F /* nssl0033.jpg */ = {isa = PBXFileReference; lastKnownFileType = image.jpeg; path = nssl0033.jpg; sourceTree = "<group>"; };
		7FBABD7B240B48DA00FD831F /* nssl0034.jpg */ = {isa = PBXFileReference; lastKnownFileType = image.jpeg; path = nssl0034.jpg; sourceTree = "<group>"; };
/* End PBXFileReference section */

/* Begin PBXFrameworksBuildPhase section */
		7FBABD1F24083AD200FD831F /* Frameworks */ = {
			isa = PBXFrameworksBuildPhase;
			buildActionMask = 2147483647;
			files = (
			);
			runOnlyForDeploymentPostprocessing = 0;
		};
/* End PBXFrameworksBuildPhase section */

/* Begin PBXGroup section */
		7FBABD1924083AD200FD831F = {
			isa = PBXGroup;
			children = (
				7FBABD2424083AD200FD831F /* 100DaysProject1 */,
				7FBABD2324083AD200FD831F /* Products */,
			);
			sourceTree = "<group>";
		};
		7FBABD2324083AD200FD831F /* Products */ = {
			isa = PBXGroup;
			children = (
				7FBABD2224083AD200FD831F /* 100DaysProject1.app */,
			);
			name = Products;
			sourceTree = "<group>";
		};
		7FBABD2424083AD200FD831F /* 100DaysProject1 */ = {
			isa = PBXGroup;
			children = (
				7FBABD2524083AD200FD831F /* AppDelegate.swift */,
				7FBABD2724083AD200FD831F /* SceneDelegate.swift */,
				7FBABD2924083AD200FD831F /* ViewController.swift */,
				7FBABD4F240865B200FD831F /* DetailViewController.swift */,
				7FBABD2B24083AD200FD831F /* Main.storyboard */,
				7FBABD2E24083AD300FD831F /* Assets.xcassets */,
				7FBABD3024083AD300FD831F /* LaunchScreen.storyboard */,
				7FBABD3324083AD300FD831F /* Info.plist */,
				7FBABD71240B48DA00FD831F /* Content */,
			);
			path = 100DaysProject1;
			sourceTree = "<group>";
		};
		7FBABD71240B48DA00FD831F /* Content */ = {
			isa = PBXGroup;
			children = (
				7FBABD72240B48DA00FD831F /* nssl0049.jpg */,
				7FBABD73240B48DA00FD831F /* nssl0046.jpg */,
				7FBABD74240B48DA00FD831F /* nssl0091.jpg */,
				7FBABD75240B48DA00FD831F /* nssl0045.jpg */,
				7FBABD76240B48DA00FD831F /* nssl0051.jpg */,
				7FBABD77240B48DA00FD831F /* nssl0041.jpg */,
				7FBABD78240B48DA00FD831F /* nssl0042.jpg */,
				7FBABD79240B48DA00FD831F /* nssl0043.jpg */,
				7FBABD7A240B48DA00FD831F /* nssl0033.jpg */,
				7FBABD7B240B48DA00FD831F /* nssl0034.jpg */,
			);
			name = Content;
			path = "../../../HackingWithSwift-master/Classic/project1-files/Content";
			sourceTree = "<group>";
		};
/* End PBXGroup section */

/* Begin PBXNativeTarget section */
		7FBABD2124083AD200FD831F /* 100DaysProject1 */ = {
			isa = PBXNativeTarget;
			buildConfigurationList = 7FBABD3624083AD300FD831F /* Build configuration list for PBXNativeTarget "100DaysProject1" */;
			buildPhases = (
				7FBABD1E24083AD200FD831F /* Sources */,
				7FBABD1F24083AD200FD831F /* Frameworks */,
				7FBABD2024083AD200FD831F /* Resources */,
			);
			buildRules = (
			);
			dependencies = (
			);
			name = 100DaysProject1;
			productName = 100DaysProject1;
			productReference = 7FBABD2224083AD200FD831F /* 100DaysProject1.app */;
			productType = "com.apple.product-type.application";
		};
/* End PBXNativeTarget section */

/* Begin PBXProject section */
		7FBABD1A24083AD200FD831F /* Project object */ = {
			isa = PBXProject;
			attributes = {
				LastSwiftUpdateCheck = 1130;
				LastUpgradeCheck = 1130;
				ORGANIZATIONNAME = "ELLI SCHARLIN";
				TargetAttributes = {
					7FBABD2124083AD200FD831F = {
						CreatedOnToolsVersion = 11.3.1;
					};
				};
			};
			buildConfigurationList = 7FBABD1D24083AD200FD831F /* Build configuration list for PBXProject "100DaysProject1" */;
			compatibilityVersion = "Xcode 9.3";
			developmentRegion = en;
			hasScannedForEncodings = 0;
			knownRegions = (
				en,
				Base,
			);
			mainGroup = 7FBABD1924083AD200FD831F;
			productRefGroup = 7FBABD2324083AD200FD831F /* Products */;
			projectDirPath = "";
			projectRoot = "";
			targets = (
				7FBABD2124083AD200FD831F /* 100DaysProject1 */,
			);
		};
/* End PBXProject section */

/* Begin PBXResourcesBuildPhase section */
		7FBABD2024083AD200FD831F /* Resources */ = {
			isa = PBXResourcesBuildPhase;
			buildActionMask = 2147483647;
			files = (
				7FBABD84240B48DA00FD831F /* nssl0033.jpg in Resources */,
				7FBABD82240B48DA00FD831F /* nssl0042.jpg in Resources */,
				7FBABD7E240B48DA00FD831F /* nssl0091.jpg in Resources */,
				7FBABD3224083AD300FD831F /* LaunchScreen.storyboard in Resources */,
				7FBABD7D240B48DA00FD831F /* nssl0046.jpg in Resources */,
				7FBABD83240B48DA00FD831F /* nssl0043.jpg in Resources */,
				7FBABD7F240B48DA00FD831F /* nssl0045.jpg in Resources */,
				7FBABD80240B48DA00FD831F /* nssl0051.jpg in Resources */,
				7FBABD7C240B48DA00FD831F /* nssl0049.jpg in Resources */,
				7FBABD2F24083AD300FD831F /* Assets.xcassets in Resources */,
				7FBABD2D24083AD200FD831F /* Main.storyboard in Resources */,
				7FBABD81240B48DA00FD831F /* nssl0041.jpg in Resources */,
				7FBABD85240B48DA00FD831F /* nssl0034.jpg in Resources */,
			);
			runOnlyForDeploymentPostprocessing = 0;
		};
/* End PBXResourcesBuildPhase section */

/* Begin PBXSourcesBuildPhase section */
		7FBABD1E24083AD200FD831F /* Sources */ = {
			isa = PBXSourcesBuildPhase;
			buildActionMask = 2147483647;
			files = (
				7FBABD2A24083AD200FD831F /* ViewController.swift in Sources */,
				7FBABD2624083AD200FD831F /* AppDelegate.swift in Sources */,
				7FBABD2824083AD200FD831F /* SceneDelegate.swift in Sources */,
				7FBABD50240865B200FD831F /* DetailViewController.swift in Sources */,
			);
			runOnlyForDeploymentPostprocessing = 0;
		};
/* End PBXSourcesBuildPhase section */

/* Begin PBXVariantGroup section */
		7FBABD2B24083AD200FD831F /* Main.storyboard */ = {
			isa = PBXVariantGroup;
			children = (
				7FBABD2C24083AD200FD831F /* Base */,
			);
			name = Main.storyboard;
			sourceTree = "<group>";
		};
		7FBABD3024083AD300FD831F /* LaunchScreen.storyboard */ = {
			isa = PBXVariantGroup;
			children = (
				7FBABD3124083AD300FD831F /* Base */,
			);
			name = LaunchScreen.storyboard;
			sourceTree = "<group>";
		};
/* End PBXVariantGroup section */

/* Begin XCBuildConfiguration section */
		7FBABD3424083AD300FD831F /* Debug */ = {
			isa = XCBuildConfiguration;
			buildSettings = {
				ALWAYS_SEARCH_USER_PATHS = NO;
				CLANG_ANALYZER_NONNULL = YES;
				CLANG_ANALYZER_NUMBER_OBJECT_CONVERSION = YES_AGGRESSIVE;
				CLANG_CXX_LANGUAGE_STANDARD = "gnu++14";
				CLANG_CXX_LIBRARY = "libc++";
				CLANG_ENABLE_MODULES = YES;
				CLANG_ENABLE_OBJC_ARC = YES;
				CLANG_ENABLE_OBJC_WEAK = YES;
				CLANG_WARN_BLOCK_CAPTURE_AUTORELEASING = YES;
				CLANG_WARN_BOOL_CONVERSION = YES;
				CLANG_WARN_COMMA = YES;
				CLANG_WARN_CONSTANT_CONVERSION = YES;
				CLANG_WARN_DEPRECATED_OBJC_IMPLEMENTATIONS = YES;
				CLANG_WARN_DIRECT_OBJC_ISA_USAGE = YES_ERROR;
				CLANG_WARN_DOCUMENTATION_COMMENTS = YES;
				CLANG_WARN_EMPTY_BODY = YES;
				CLANG_WARN_ENUM_CONVERSION = YES;
				CLANG_WARN_INFINITE_RECURSION = YES;
				CLANG_WARN_INT_CONVERSION = YES;
				CLANG_WARN_NON_LITERAL_NULL_CONVERSION = YES;
				CLANG_WARN_OBJC_IMPLICIT_RETAIN_SELF = YES;
				CLANG_WARN_OBJC_LITERAL_CONVERSION = YES;
				CLANG_WARN_OBJC_ROOT_CLASS = YES_ERROR;
				CLANG_WARN_RANGE_LOOP_ANALYSIS = YES;
				CLANG_WARN_STRICT_PROTOTYPES = YES;
				CLANG_WARN_SUSPICIOUS_MOVE = YES;
				CLANG_WARN_UNGUARDED_AVAILABILITY = YES_AGGRESSIVE;
				CLANG_WARN_UNREACHABLE_CODE = YES;
				CLANG_WARN__DUPLICATE_METHOD_MATCH = YES;
				COPY_PHASE_STRIP = NO;
				DEBUG_INFORMATION_FORMAT = dwarf;
				ENABLE_STRICT_OBJC_MSGSEND = YES;
				ENABLE_TESTABILITY = YES;
				GCC_C_LANGUAGE_STANDARD = gnu11;
				GCC_DYNAMIC_NO_PIC = NO;
				GCC_NO_COMMON_BLOCKS = YES;
				GCC_OPTIMIZATION_LEVEL = 0;
				GCC_PREPROCESSOR_DEFINITIONS = (
					"DEBUG=1",
					"$(inherited)",
				);
				GCC_WARN_64_TO_32_BIT_CONVERSION = YES;
				GCC_WARN_ABOUT_RETURN_TYPE = YES_ERROR;
				GCC_WARN_UNDECLARED_SELECTOR = YES;
				GCC_WARN_UNINITIALIZED_AUTOS = YES_AGGRESSIVE;
				GCC_WARN_UNUSED_FUNCTION = YES;
				GCC_WARN_UNUSED_VARIABLE = YES;
				IPHONEOS_DEPLOYMENT_TARGET = 13.2;
				MTL_ENABLE_DEBUG_INFO = INCLUDE_SOURCE;
				MTL_FAST_MATH = YES;
				ONLY_ACTIVE_ARCH = YES;
				SDKROOT = iphoneos;
				SWIFT_ACTIVE_COMPILATION_CONDITIONS = DEBUG;
				SWIFT_OPTIMIZATION_LEVEL = "-Onone";
			};
			name = Debug;
		};
		7FBABD3524083AD300FD831F /* Release */ = {
			isa = XCBuildConfiguration;
			buildSettings = {
				ALWAYS_SEARCH_USER_PATHS = NO;
				CLANG_ANALYZER_NONNULL = YES;
				CLANG_ANALYZER_NUMBER_OBJECT_CONVERSION = YES_AGGRESSIVE;
				CLANG_CXX_LANGUAGE_STANDARD = "gnu++14";
				CLANG_CXX_LIBRARY = "libc++";
				CLANG_ENABLE_MODULES = YES;
				CLANG_ENABLE_OBJC_ARC = YES;
				CLANG_ENABLE_OBJC_WEAK = YES;
				CLANG_WARN_BLOCK_CAPTURE_AUTORELEASING = YES;
				CLANG_WARN_BOOL_CONVERSION = YES;
				CLANG_WARN_COMMA = YES;
				CLANG_WARN_CONSTANT_CONVERSION = YES;
				CLANG_WARN_DEPRECATED_OBJC_IMPLEMENTATIONS = YES;
				CLANG_WARN_DIRECT_OBJC_ISA_USAGE = YES_ERROR;
				CLANG_WARN_DOCUMENTATION_COMMENTS = YES;
				CLANG_WARN_EMPTY_BODY = YES;
				CLANG_WARN_ENUM_CONVERSION = YES;
				CLANG_WARN_INFINITE_RECURSION = YES;
				CLANG_WARN_INT_CONVERSION = YES;
				CLANG_WARN_NON_LITERAL_NULL_CONVERSION = YES;
				CLANG_WARN_OBJC_IMPLICIT_RETAIN_SELF = YES;
				CLANG_WARN_OBJC_LITERAL_CONVERSION = YES;
				CLANG_WARN_OBJC_ROOT_CLASS = YES_ERROR;
				CLANG_WARN_RANGE_LOOP_ANALYSIS = YES;
				CLANG_WARN_STRICT_PROTOTYPES = YES;
				CLANG_WARN_SUSPICIOUS_MOVE = YES;
				CLANG_WARN_UNGUARDED_AVAILABILITY = YES_AGGRESSIVE;
				CLANG_WARN_UNREACHABLE_CODE = YES;
				CLANG_WARN__DUPLICATE_METHOD_MATCH = YES;
				COPY_PHASE_STRIP = NO;
				DEBUG_INFORMATION_FORMAT = "dwarf-with-dsym";
				ENABLE_NS_ASSERTIONS = NO;
				ENABLE_STRICT_OBJC_MSGSEND = YES;
				GCC_C_LANGUAGE_STANDARD = gnu11;
				GCC_NO_COMMON_BLOCKS = YES;
				GCC_WARN_64_TO_32_BIT_CONVERSION = YES;
				GCC_WARN_ABOUT_RETURN_TYPE = YES_ERROR;
				GCC_WARN_UNDECLARED_SELECTOR = YES;
				GCC_WARN_UNINITIALIZED_AUTOS = YES_AGGRESSIVE;
				GCC_WARN_UNUSED_FUNCTION = YES;
				GCC_WARN_UNUSED_VARIABLE = YES;
				IPHONEOS_DEPLOYMENT_TARGET = 13.2;
				MTL_ENABLE_DEBUG_INFO = NO;
				MTL_FAST_MATH = YES;
				SDKROOT = iphoneos;
				SWIFT_COMPILATION_MODE = wholemodule;
				SWIFT_OPTIMIZATION_LEVEL = "-O";
				VALIDATE_PRODUCT = YES;
			};
			name = Release;
		};
		7FBABD3724083AD300FD831F /* Debug */ = {
			isa = XCBuildConfiguration;
			buildSettings = {
				ASSETCATALOG_COMPILER_APPICON_NAME = AppIcon;
				CODE_SIGN_STYLE = Automatic;
				DEVELOPMENT_TEAM = ZK2P8S7A36;
				INFOPLIST_FILE = 100DaysProject1/Info.plist;
				LD_RUNPATH_SEARCH_PATHS = (
					"$(inherited)",
					"@executable_path/Frameworks",
				);
				PRODUCT_BUNDLE_IDENTIFIER = "elli-no-e.-00DaysProject1";
				PRODUCT_NAME = "$(TARGET_NAME)";
				SWIFT_VERSION = 5.0;
				TARGETED_DEVICE_FAMILY = "1,2";
			};
			name = Debug;
		};
		7FBABD3824083AD300FD831F /* Release */ = {
			isa = XCBuildConfiguration;
			buildSettings = {
				ASSETCATALOG_COMPILER_APPICON_NAME = AppIcon;
				CODE_SIGN_STYLE = Automatic;
				DEVELOPMENT_TEAM = ZK2P8S7A36;
				INFOPLIST_FILE = 100DaysProject1/Info.plist;
				LD_RUNPATH_SEARCH_PATHS = (
					"$(inherited)",
					"@executable_path/Frameworks",
				);
				PRODUCT_BUNDLE_IDENTIFIER = "elli-no-e.-00DaysProject1";
				PRODUCT_NAME = "$(TARGET_NAME)";
				SWIFT_VERSION = 5.0;
				TARGETED_DEVICE_FAMILY = "1,2";
			};
			name = Release;
		};
/* End XCBuildConfiguration section */

/* Begin XCConfigurationList section */
		7FBABD1D24083AD200FD831F /* Build configuration list for PBXProject "100DaysProject1" */ = {
			isa = XCConfigurationList;
			buildConfigurations = (
				7FBABD3424083AD300FD831F /* Debug */,
				7FBABD3524083AD300FD831F /* Release */,
			);
			defaultConfigurationIsVisible = 0;
			defaultConfigurationName = Release;
		};
		7FBABD3624083AD300FD831F /* Build configuration list for PBXNativeTarget "100DaysProject1" */ = {
			isa = XCConfigurationList;
			buildConfigurations = (
				7FBABD3724083AD300FD831F /* Debug */,
				7FBABD3824083AD300FD831F /* Release */,
			);
			defaultConfigurationIsVisible = 0;
			defaultConfigurationName = Release;
		};
/* End XCConfigurationList section */
	};
	rootObject = 7FBABD1A24083AD200FD831F /* Project object */;
}
